{
  "name": "rynn-kedua-",
  "lockfileVersion": 3,
  "requires": true,
  "packages": {
    "": {
      "dependencies": {
        "@anthropic-ai/claude-code": "^2.1.133"
      }
    },
    "node_modules/@anthropic-ai/claude-code": {
      "version": "2.1.133",
      "resolved": "https://registry.npmjs.org/@anthropic-ai/claude-code/-/claude-code-2.1.133.tgz",
      "integrity": "sha512-vDDjIkh4oQSpTfwpyrH29dO/b8a1JFX0cqr06HpH/mLG635urj6Z+ePYwFEs4fU16JhztUs6EyaT8N7dIYn6GQ==",
      "hasInstallScript": true,
      "license": "SEE LICENSE IN README.md",
      "bin": {
        "claude": "bin/claude.exe"
      },
      "engines": {
        "node": ">=18.0.0"
      },
      "optionalDependencies": {
        "@anthropic-ai/claude-code-darwin-arm64": "2.1.133",
        "@anthropic-ai/claude-code-darwin-x64": "2.1.133",
        "@anthropic-ai/claude-code-linux-arm64": "2.1.133",
        "@anthropic-ai/claude-code-linux-arm64-musl": "2.1.133",
        "@anthropic-ai/claude-code-linux-x64": "2.1.133",
        "@anthropic-ai/claude-code-linux-x64-musl": "2.1.133",
        "@anthropic-ai/claude-code-win32-arm64": "2.1.133",
        "@anthropic-ai/claude-code-win32-x64": "2.1.133"
      }
    },
    "node_modules/@anthropic-ai/claude-code-darwin-arm64": {
      "version": "2.1.133",
      "resolved": "https://registry.npmjs.org/@anthropic-ai/claude-code-darwin-arm64/-/claude-code-darwin-arm64-2.1.133.tgz",
      "integrity": "sha512-GwRvuTEdbk507q9bSsImv7+sriGEkaMeVvIWS/zl/oS+HlyjGx5xIeLB3BlTWoZqdMr2+zCO6YrbogXPHoB55w==",
      "cpu": [
        "arm64"
      ],
      "license": "SEE LICENSE IN LICENSE.md",
      "optional": true,
      "os": [
        "darwin"
      ]
    },
    "node_modules/@anthropic-ai/claude-code-darwin-x64": {
      "version": "2.1.133",
      "resolved": "https://registry.npmjs.org/@anthropic-ai/claude-code-darwin-x64/-/claude-code-darwin-x64-2.1.133.tgz",
      "integrity": "sha512-NdFofwmlcFmgLUk/WOO3Ui4XLK/PtZNOk46iTm/6vzwO5ORDVylGjYuHE1QNB9pm5cep3iZ0VKLkYT2JqhYlog==",
      "cpu": [
        "x64"
      ],
      "license": "SEE LICENSE IN LICENSE.md",
      "optional": true,
      "os": [
        "darwin"
      ]
    },
    "node_modules/@anthropic-ai/claude-code-linux-arm64": {
      "version": "2.1.133",
      "resolved": "https://registry.npmjs.org/@anthropic-ai/claude-code-linux-arm64/-/claude-code-linux-arm64-2.1.133.tgz",
      "integrity": "sha512-lTFLbg92Gj3PpD475xsILmAeBT6b50DMOb1jBUuKCkiLpQY3owtVEtwKB1hBkSwyDO8GZqk7BbXkumkWz0DsBg==",
      "cpu": [
        "arm64"
      ],
      "libc": [
        "glibc"
      ],
      "license": "SEE LICENSE IN LICENSE.md",
      "optional": true,
      "os": [
        "linux"
      ]
    },
    "node_modules/@anthropic-ai/claude-code-linux-arm64-musl": {
      "version": "2.1.133",
      "resolved": "https://registry.npmjs.org/@anthropic-ai/claude-code-linux-arm64-musl/-/claude-code-linux-arm64-musl-2.1.133.tgz",
      "integrity": "sha512-QKiybeDHSmDbGLf5cpRcz5qfVskRsMErKk9XrvVN2YbZStRwINPxspEJJLGwvJ6KSt/zfOROguQ/rnui/IU02w==",
      "cpu": [
        "arm64"
      ],
      "libc": [
        "musl"
      ],
      "license": "SEE LICENSE IN LICENSE.md",
      "optional": true,
      "os": [
        "linux"
      ]
    },
    "node_modules/@anthropic-ai/claude-code-linux-x64": {
      "version": "2.1.133",
      "resolved": "https://registry.npmjs.org/@anthropic-ai/claude-code-linux-x64/-/claude-code-linux-x64-2.1.133.tgz",
      "integrity": "sha512-pfv9LCybrEG5/y5NGEB3vJQs0QNQbDjGDyFgiNzu700Wq6Wrp+WWYOMKG1i0IGWzuOCUEQ/EqX8aQciQJ+1fLA==",
      "cpu": [
        "x64"
      ],
      "libc": [
        "glibc"
      ],
      "license": "SEE LICENSE IN LICENSE.md",
      "optional": true,
      "os": [
        "linux"
      ]
    },
    "node_modules/@anthropic-ai/claude-code-linux-x64-musl": {
      "version": "2.1.133",
      "resolved": "https://registry.npmjs.org/@anthropic-ai/claude-code-linux-x64-musl/-/claude-code-linux-x64-musl-2.1.133.tgz",
      "integrity": "sha512-gypamJHtgMH9vXJ8+0fldumSs+H5LuNNeScFl2SjEnf8ecLSwZsHiav7yro77jHd/6thihUOSa6dJ746/fWBJw==",
      "cpu": [
        "x64"
      ],
      "libc": [
        "musl"
      ],
      "license": "SEE LICENSE IN LICENSE.md",
      "optional": true,
      "os": [
        "linux"
      ]
    },
    "node_modules/@anthropic-ai/claude-code-win32-arm64": {
      "version": "2.1.133",
      "resolved": "https://registry.npmjs.org/@anthropic-ai/claude-code-win32-arm64/-/claude-code-win32-arm64-2.1.133.tgz",
      "integrity": "sha512-xo9kfWcodSLUEnh86ypstDo97EcJryXlQzU/Kahvc4q1RunAWEs6F/Z0XdqBaDSa8HsHEZebY411qxX7yll5ow==",
      "cpu": [
        "arm64"
      ],
      "license": "SEE LICENSE IN LICENSE.md",
      "optional": true,
      "os": [
        "win32"
      ]
    },
    "node_modules/@anthropic-ai/claude-code-win32-x64": {
      "version": "2.1.133",
      "resolved": "https://registry.npmjs.org/@anthropic-ai/claude-code-win32-x64/-/claude-code-win32-x64-2.1.133.tgz",
      "integrity": "sha512-yPY8F/N81NxF1BlWrJZ5aQGAOXs5aj52Un1sztXpo3/wL/ySESsRi5XmtAXrGtpLZuPa/SDZaRk1+bkLqcALew==",
      "cpu": [
        "x64"
      ],
      "license": "SEE LICENSE IN LICENSE.md",
      "optional": true,
      "os": [
        "win32"
      ]
    }
  }
}
